
Microsoft Visual Studio Solution File, Format Version 12.00
Project("{FAE04EC0-301F-11D3-BF4B-00C04F79EFBC}") = "Ecommerce", "Ecommerce\Ecommerce.csproj", "{01EC32BB-B925-4459-BF5D-4D1835417417}"
EndProject
Project("{2150E333-8FDC-42A3-9474-1A3956D46DE8}") = "Solution Items", "Solution Items", "{CBB86F10-0BFF-47BE-8839-7D508EEEE812}"
	ProjectSection(SolutionItems) = preProject
		docker-compose.yml = docker-compose.yml
	EndProjectSection
EndProject
Global
	GlobalSection(SolutionConfigurationPlatforms) = preSolution
		Debug|Any CPU = Debug|Any CPU
		Release|Any CPU = Release|Any CPU
	EndGlobalSection
	GlobalSection(ProjectConfigurationPlatforms) = postSolution
		{01EC32BB-B925-4459-BF5D-4D1835417417}.Debug|Any CPU.ActiveCfg = Debug|Any CPU
		{01EC32BB-B925-4459-BF5D-4D1835417417}.Debug|Any CPU.Build.0 = Debug|Any CPU
		{01EC32BB-B925-4459-BF5D-4D1835417417}.Release|Any CPU.ActiveCfg = Release|Any CPU
		{01EC32BB-B925-4459-BF5D-4D1835417417}.Release|Any CPU.Build.0 = Release|Any CPU
	EndGlobalSection
EndGlobal
